# This file was autogenerated by Stack.
# You should not edit this file by hand.
# For more information, please see the documentation at:
#   https://docs.haskellstack.org/en/stable/lock_files

packages:
- completed:
    hackage: gogol-0.5.0@sha256:01b38acf97ae0afb2465935fee1bebce03c1b84e629cf0887467be7ae361f0a7,3222
    pantry-tree:
      size: 1243
      sha256: ab472e169f12b97837cdfca2262b2d6fb569ae17876cbc10e97186944a401866
  original:
    hackage: gogol-0.5.0@sha256:01b38acf97ae0afb2465935fee1bebce03c1b84e629cf0887467be7ae361f0a7,3222
- completed:
    hackage: gogol-logging-0.5.0@sha256:178038e2b494a822d17e7a7d4e8b565afb983fefdec0f09391224503c23cf47a,6116
    pantry-tree:
      size: 7923
      sha256: 08f78a90665f45155b2b5d809a1928543655c23487c574004c7c529169c94f4b
  original:
    hackage: gogol-logging-0.5.0@sha256:178038e2b494a822d17e7a7d4e8b565afb983fefdec0f09391224503c23cf47a,6116
- completed:
    hackage: gogol-pubsub-0.5.0@sha256:803407acf3fcff46a601e01d3aba6e98e8b480114664f0f05cadbed29fb82816,3699
    pantry-tree:
      size: 4007
      sha256: 27784433780008c94bf2c981a78ed7920cafdd4ada02e0ea12b00b5fad667a94
  original:
    hackage: gogol-pubsub-0.5.0@sha256:803407acf3fcff46a601e01d3aba6e98e8b480114664f0f05cadbed29fb82816,3699
- completed:
    hackage: logging-effect-1.3.11@sha256:aa63bf44c57f7c779ab428e332b367f32ba7a2a30b9330a811e71adcd6a7511c,1679
    pantry-tree:
      size: 330
      sha256: 4afc94852414def7246bb5677e2649d870a94bbac1068d1487f9f26b62083ee9
  original:
    hackage: logging-effect-1.3.11@sha256:aa63bf44c57f7c779ab428e332b367f32ba7a2a30b9330a811e71adcd6a7511c,1679
- completed:
    hackage: gogol-core-0.5.0@sha256:c0a919cd89a33de7fd6ee925abdb48b0eb5d1002a016124acbdff568f267e4c7,2821
    pantry-tree:
      size: 686
      sha256: f3c803da46a2df6987b72098b3e7c6c2c0aeb141335d2a0d5630b210401bc2c8
  original:
    hackage: gogol-core-0.5.0@sha256:c0a919cd89a33de7fd6ee925abdb48b0eb5d1002a016124acbdff568f267e4c7,2821
- completed:
    hackage: unliftio-core-0.2.0.1@sha256:9b3e44ea9aacacbfc35b3b54015af450091916ac3618a41868ebf6546977659a,1082
    pantry-tree:
      size: 328
      sha256: e81c5a1e82ec2cd68cbbbec9cd60567363abe02257fa1370a906f6754b6818b8
  original:
    hackage: unliftio-core-0.2.0.1@sha256:9b3e44ea9aacacbfc35b3b54015af450091916ac3618a41868ebf6546977659a,1082
snapshots:
- completed:
    size: 532414
    url: https://raw.githubusercontent.com/commercialhaskell/stackage-snapshots/master/lts/16/22.yaml
    sha256: e483fb88549fc0f454c190979bf35ac91c7aceff2c0e71e7d8edd11842d772d8
  original: lts-16.22
